
Microsoft Visual Studio Solution File, Format Version 12.00
# Visual Studio Version 16
VisualStudioVersion = 16.0.29905.134
MinimumVisualStudioVersion = 10.0.40219.1
Project("{2150E333-8FDC-42A3-9474-1A3956D46DE8}") = "src", "src", "{3303BAA0-773E-4F5D-B699-F3CA3CD5BBB4}"
EndProject
Project("{2150E333-8FDC-42A3-9474-1A3956D46DE8}") = "test", "test", "{9993F7DE-AFDC-4D82-A030-C3C5E373CE77}"
EndProject
Project("{2150E333-8FDC-42A3-9474-1A3956D46DE8}") = "ci", "ci", "{9336DBF6-976F-4D04-A6E4-7E301C68A9B3}"
	ProjectSection(SolutionItems) = preProject
		.github\workflows\release-dotnet-nuget.yml = .github\workflows\release-dotnet-nuget.yml
		.github\workflows\test-dotnet-windows.yml = .github\workflows\test-dotnet-windows.yml
	EndProjectSection
EndProject
Project("{2150E333-8FDC-42A3-9474-1A3956D46DE8}") = "Solution Items", "Solution Items", "{2955983D-FEC3-4C34-8890-DD89658479E9}"
	ProjectSection(SolutionItems) = preProject
		.gitattributes = .gitattributes
		.gitignore = .gitignore
		Directory.Build.props = Directory.Build.props
		nuget.config = nuget.config
		README.md = README.md
	EndProjectSection
EndProject
Project("{9A19103F-16F7-4668-BE54-9A1E7A4F7556}") = "Aprismatic.BigFraction", "src\Aprismatic.BigFraction\Aprismatic.BigFraction.csproj", "{671B62C9-5C1F-45BE-A064-85113E652AFF}"
EndProject
Project("{9A19103F-16F7-4668-BE54-9A1E7A4F7556}") = "BigFractionTest", "test\BigFractionTest\BigFractionTest.csproj", "{164B4DA8-0D9B-47F4-932B-CA1E4DA54A3F}"
EndProject
Global
	GlobalSection(SolutionConfigurationPlatforms) = preSolution
		Debug|Any CPU = Debug|Any CPU
		Release|Any CPU = Release|Any CPU
	EndGlobalSection
	GlobalSection(ProjectConfigurationPlatforms) = postSolution
		{671B62C9-5C1F-45BE-A064-85113E652AFF}.Debug|Any CPU.ActiveCfg = Debug|Any CPU
		{671B62C9-5C1F-45BE-A064-85113E652AFF}.Debug|Any CPU.Build.0 = Debug|Any CPU
		{671B62C9-5C1F-45BE-A064-85113E652AFF}.Release|Any CPU.ActiveCfg = Release|Any CPU
		{671B62C9-5C1F-45BE-A064-85113E652AFF}.Release|Any CPU.Build.0 = Release|Any CPU
		{164B4DA8-0D9B-47F4-932B-CA1E4DA54A3F}.Debug|Any CPU.ActiveCfg = Debug|Any CPU
		{164B4DA8-0D9B-47F4-932B-CA1E4DA54A3F}.Debug|Any CPU.Build.0 = Debug|Any CPU
		{164B4DA8-0D9B-47F4-932B-CA1E4DA54A3F}.Release|Any CPU.ActiveCfg = Release|Any CPU
		{164B4DA8-0D9B-47F4-932B-CA1E4DA54A3F}.Release|Any CPU.Build.0 = Release|Any CPU
	EndGlobalSection
	GlobalSection(SolutionProperties) = preSolution
		HideSolutionNode = FALSE
	EndGlobalSection
	GlobalSection(NestedProjects) = preSolution
		{671B62C9-5C1F-45BE-A064-85113E652AFF} = {3303BAA0-773E-4F5D-B699-F3CA3CD5BBB4}
		{164B4DA8-0D9B-47F4-932B-CA1E4DA54A3F} = {9993F7DE-AFDC-4D82-A030-C3C5E373CE77}
	EndGlobalSection
	GlobalSection(ExtensibilityGlobals) = postSolution
		SolutionGuid = {575666A0-07A3-4BB3-95A8-281FA6583CE7}
	EndGlobalSection
EndGlobal
