
Microsoft Visual Studio Solution File, Format Version 12.00
# Visual Studio 15
VisualStudioVersion = 15.0.27703.2042
MinimumVisualStudioVersion = 10.0.40219.1
Project("{9A19103F-16F7-4668-BE54-9A1E7A4F7556}") = "BigFraction", "BigFraction\BigFraction.csproj", "{1D0E65A6-DBED-4840-AA56-03298D024FC7}"
EndProject
Project("{9A19103F-16F7-4668-BE54-9A1E7A4F7556}") = "BigFractionTest", "BigFractionTest\BigFractionTest.csproj", "{5C55814E-D74F-4DE3-9889-B67F4A473671}"
EndProject
Project("{2150E333-8FDC-42A3-9474-1A3956D46DE8}") = "Solution Items", "Solution Items", "{BFE26125-2566-42ED-B9D3-2559DB88D357}"
	ProjectSection(SolutionItems) = preProject
		.gitignore = .gitignore
		appveyor.yml = appveyor.yml
	EndProjectSection
EndProject
Global
	GlobalSection(SolutionConfigurationPlatforms) = preSolution
		Debug|Any CPU = Debug|Any CPU
		Release|Any CPU = Release|Any CPU
	EndGlobalSection
	GlobalSection(ProjectConfigurationPlatforms) = postSolution
		{1D0E65A6-DBED-4840-AA56-03298D024FC7}.Debug|Any CPU.ActiveCfg = Debug|Any CPU
		{1D0E65A6-DBED-4840-AA56-03298D024FC7}.Debug|Any CPU.Build.0 = Debug|Any CPU
		{1D0E65A6-DBED-4840-AA56-03298D024FC7}.Release|Any CPU.ActiveCfg = Release|Any CPU
		{1D0E65A6-DBED-4840-AA56-03298D024FC7}.Release|Any CPU.Build.0 = Release|Any CPU
		{5C55814E-D74F-4DE3-9889-B67F4A473671}.Debug|Any CPU.ActiveCfg = Debug|Any CPU
		{5C55814E-D74F-4DE3-9889-B67F4A473671}.Debug|Any CPU.Build.0 = Debug|Any CPU
		{5C55814E-D74F-4DE3-9889-B67F4A473671}.Release|Any CPU.ActiveCfg = Release|Any CPU
		{5C55814E-D74F-4DE3-9889-B67F4A473671}.Release|Any CPU.Build.0 = Release|Any CPU
	EndGlobalSection
	GlobalSection(SolutionProperties) = preSolution
		HideSolutionNode = FALSE
	EndGlobalSection
	GlobalSection(ExtensibilityGlobals) = postSolution
		SolutionGuid = {50D9C49D-D8D9-4760-9248-3EB03BE91FA4}
	EndGlobalSection
EndGlobal
